
Microsoft Visual Studio Solution File, Format Version 12.00
# Visual Studio 15
VisualStudioVersion = 15.0.28307.136
MinimumVisualStudioVersion = 10.0.40219.1
Project("{FAE04EC0-301F-11D3-BF4B-00C04F79EFBC}") = "TheCompanion", "TheCompanion\TheCompanion.csproj", "{3391E9F1-258A-48FC-8497-7974EE5E0E9E}"
EndProject
Global
	GlobalSection(SolutionConfigurationPlatforms) = preSolution
		Debug|Any CPU = Debug|Any CPU
		Release|Any CPU = Release|Any CPU
	EndGlobalSection
	GlobalSection(ProjectConfigurationPlatforms) = postSolution
		{3391E9F1-258A-48FC-8497-7974EE5E0E9E}.Debug|Any CPU.ActiveCfg = Debug|Any CPU
		{3391E9F1-258A-48FC-8497-7974EE5E0E9E}.Debug|Any CPU.Build.0 = Debug|Any CPU
		{3391E9F1-258A-48FC-8497-7974EE5E0E9E}.Release|Any CPU.ActiveCfg = Release|Any CPU
		{3391E9F1-258A-48FC-8497-7974EE5E0E9E}.Release|Any CPU.Build.0 = Release|Any CPU
	EndGlobalSection
	GlobalSection(SolutionProperties) = preSolution
		HideSolutionNode = FALSE
	EndGlobalSection
	GlobalSection(ExtensibilityGlobals) = postSolution
		SolutionGuid = {65652003-2842-42E1-BF09-9A749FA591B0}
	EndGlobalSection
EndGlobal
